// !$*UTF8*$!
{
	archiveVersion = 1;
	classes = {
	};
	objectVersion = 51;
	objects = {

/* Begin PBXBuildFile section */
		490FF6CE26974D9B00F49A2E /* EditViewController.m in Sources */ = {isa = PBXBuildFile; fileRef = 490FF6CD26974D9B00F49A2E /* EditViewController.m */; };
		490FF6D126974FCA00F49A2E /* ComposeViewController.m in Sources */ = {isa = PBXBuildFile; fileRef = 490FF6D026974FCA00F49A2E /* ComposeViewController.m */; };
		490FF6D426977D3900F49A2E /* DetailsViewController.m in Sources */ = {isa = PBXBuildFile; fileRef = 490FF6D326977D3900F49A2E /* DetailsViewController.m */; };
		4966F2352697B67E007AD0C7 /* profileImage.m in Sources */ = {isa = PBXBuildFile; fileRef = 4966F2342697B67E007AD0C7 /* profileImage.m */; };
		497C53B82694DFDB00AC7B6B /* AppDelegate.m in Sources */ = {isa = PBXBuildFile; fileRef = 497C53B72694DFDB00AC7B6B /* AppDelegate.m */; };
		497C53BB2694DFDB00AC7B6B /* SceneDelegate.m in Sources */ = {isa = PBXBuildFile; fileRef = 497C53BA2694DFDB00AC7B6B /* SceneDelegate.m */; };
		497C53C12694DFDB00AC7B6B /* Main.storyboard in Resources */ = {isa = PBXBuildFile; fileRef = 497C53BF2694DFDB00AC7B6B /* Main.storyboard */; };
		497C53C32694DFDD00AC7B6B /* Assets.xcassets in Resources */ = {isa = PBXBuildFile; fileRef = 497C53C22694DFDD00AC7B6B /* Assets.xcassets */; };
		497C53C62694DFDD00AC7B6B /* LaunchScreen.storyboard in Resources */ = {isa = PBXBuildFile; fileRef = 497C53C42694DFDD00AC7B6B /* LaunchScreen.storyboard */; };
		497C53C92694DFDD00AC7B6B /* main.m in Sources */ = {isa = PBXBuildFile; fileRef = 497C53C82694DFDD00AC7B6B /* main.m */; };
		497C53D32694DFDD00AC7B6B /* InstagramTests.m in Sources */ = {isa = PBXBuildFile; fileRef = 497C53D22694DFDD00AC7B6B /* InstagramTests.m */; };
		497C53DE2694DFDD00AC7B6B /* InstagramUITests.m in Sources */ = {isa = PBXBuildFile; fileRef = 497C53DD2694DFDD00AC7B6B /* InstagramUITests.m */; };
		497C53EC2694EB6A00AC7B6B /* customFont.ttf in Resources */ = {isa = PBXBuildFile; fileRef = 497C53EB2694EB6A00AC7B6B /* customFont.ttf */; };
		497C53F02694F43C00AC7B6B /* LoginViewController.m in Sources */ = {isa = PBXBuildFile; fileRef = 497C53EF2694F43C00AC7B6B /* LoginViewController.m */; };
		497C53F426951ACF00AC7B6B /* PostCell.m in Sources */ = {isa = PBXBuildFile; fileRef = 497C53F326951ACF00AC7B6B /* PostCell.m */; };
		497C53F726951B3800AC7B6B /* HomeViewController.m in Sources */ = {isa = PBXBuildFile; fileRef = 497C53F626951B3800AC7B6B /* HomeViewController.m */; };
		497C53FA26951D3200AC7B6B /* SignupViewController.m in Sources */ = {isa = PBXBuildFile; fileRef = 497C53F926951D3200AC7B6B /* SignupViewController.m */; };
		497C53FF2696177700AC7B6B /* Post.m in Sources */ = {isa = PBXBuildFile; fileRef = 497C53FE2696177700AC7B6B /* Post.m */; };
		497C54032696B9BC00AC7B6B /* PostsCollectionViewController.m in Sources */ = {isa = PBXBuildFile; fileRef = 497C54022696B9BC00AC7B6B /* PostsCollectionViewController.m */; };
		497C54062696BA0100AC7B6B /* GridViewController.m in Sources */ = {isa = PBXBuildFile; fileRef = 497C54052696BA0100AC7B6B /* GridViewController.m */; };
		497C54092696BB9C00AC7B6B /* PostCollectionCell.m in Sources */ = {isa = PBXBuildFile; fileRef = 497C54082696BB9C00AC7B6B /* PostCollectionCell.m */; };
		49F101D82698E26700E747DC /* CommentCell.m in Sources */ = {isa = PBXBuildFile; fileRef = 49F101D72698E26700E747DC /* CommentCell.m */; };
		49F101DA2698E45900E747DC /* Comments.m in Sources */ = {isa = PBXBuildFile; fileRef = 49F101D92698E45900E747DC /* Comments.m */; };
		C9E741B5E4B9E269AFD3BA66 /* Pods_Instagram_InstagramUITests.framework in Frameworks */ = {isa = PBXBuildFile; fileRef = 10C0CC4E5F2577A475CD4E8A /* Pods_Instagram_InstagramUITests.framework */; };
		E2BF64785C4E289570153ECD /* Pods_InstagramTests.framework in Frameworks */ = {isa = PBXBuildFile; fileRef = 004E45410EDB98C99D269B72 /* Pods_InstagramTests.framework */; };
		FE781295F71357B22DCC886E /* Pods_Instagram.framework in Frameworks */ = {isa = PBXBuildFile; fileRef = 0870A24194A3E4213C1E0EE5 /* Pods_Instagram.framework */; };
/* End PBXBuildFile section */

/* Begin PBXContainerItemProxy section */
		497C53CF2694DFDD00AC7B6B /* PBXContainerItemProxy */ = {
			isa = PBXContainerItemProxy;
			containerPortal = 497C53AB2694DFDB00AC7B6B /* Project object */;
			proxyType = 1;
			remoteGlobalIDString = 497C53B22694DFDB00AC7B6B;
			remoteInfo = Instagram;
		};
		497C53DA2694DFDD00AC7B6B /* PBXContainerItemProxy */ = {
			isa = PBXContainerItemProxy;
			containerPortal = 497C53AB2694DFDB00AC7B6B /* Project object */;
			proxyType = 1;
			remoteGlobalIDString = 497C53B22694DFDB00AC7B6B;
			remoteInfo = Instagram;
		};
/* End PBXContainerItemProxy section */

/* Begin PBXFileReference section */
		004E45410EDB98C99D269B72 /* Pods_InstagramTests.framework */ = {isa = PBXFileReference; explicitFileType = wrapper.framework; includeInIndex = 0; path = Pods_InstagramTests.framework; sourceTree = BUILT_PRODUCTS_DIR; };
		0870A24194A3E4213C1E0EE5 /* Pods_Instagram.framework */ = {isa = PBXFileReference; explicitFileType = wrapper.framework; includeInIndex = 0; path = Pods_Instagram.framework; sourceTree = BUILT_PRODUCTS_DIR; };
		0F5BAC1558256FF25B37DAB0 /* Pods-Instagram.release.xcconfig */ = {isa = PBXFileReference; includeInIndex = 1; lastKnownFileType = text.xcconfig; name = "Pods-Instagram.release.xcconfig"; path = "Target Support Files/Pods-Instagram/Pods-Instagram.release.xcconfig"; sourceTree = "<group>"; };
		0F6C51B86FB12B740758E55C /* Pods-Instagram-InstagramUITests.release.xcconfig */ = {isa = PBXFileReference; includeInIndex = 1; lastKnownFileType = text.xcconfig; name = "Pods-Instagram-InstagramUITests.release.xcconfig"; path = "Target Support Files/Pods-Instagram-InstagramUITests/Pods-Instagram-InstagramUITests.release.xcconfig"; sourceTree = "<group>"; };
		10C0CC4E5F2577A475CD4E8A /* Pods_Instagram_InstagramUITests.framework */ = {isa = PBXFileReference; explicitFileType = wrapper.framework; includeInIndex = 0; path = Pods_Instagram_InstagramUITests.framework; sourceTree = BUILT_PRODUCTS_DIR; };
		490FF6CC26974D9B00F49A2E /* EditViewController.h */ = {isa = PBXFileReference; lastKnownFileType = sourcecode.c.h; path = EditViewController.h; sourceTree = "<group>"; };
		490FF6CD26974D9B00F49A2E /* EditViewController.m */ = {isa = PBXFileReference; lastKnownFileType = sourcecode.c.objc; path = EditViewController.m; sourceTree = "<group>"; };
		490FF6CF26974FCA00F49A2E /* ComposeViewController.h */ = {isa = PBXFileReference; lastKnownFileType = sourcecode.c.h; path = ComposeViewController.h; sourceTree = "<group>"; };
		490FF6D026974FCA00F49A2E /* ComposeViewController.m */ = {isa = PBXFileReference; lastKnownFileType = sourcecode.c.objc; path = ComposeViewController.m; sourceTree = "<group>"; };
		490FF6D226977D3900F49A2E /* DetailsViewController.h */ = {isa = PBXFileReference; lastKnownFileType = sourcecode.c.h; path = DetailsViewController.h; sourceTree = "<group>"; };
		490FF6D326977D3900F49A2E /* DetailsViewController.m */ = {isa = PBXFileReference; lastKnownFileType = sourcecode.c.objc; path = DetailsViewController.m; sourceTree = "<group>"; };
		4966F2342697B67E007AD0C7 /* profileImage.m */ = {isa = PBXFileReference; lastKnownFileType = sourcecode.c.objc; path = profileImage.m; sourceTree = "<group>"; };
		4966F2362697B690007AD0C7 /* profileImage.h */ = {isa = PBXFileReference; lastKnownFileType = sourcecode.c.h; path = profileImage.h; sourceTree = "<group>"; };
		497C53B32694DFDB00AC7B6B /* Instagram.app */ = {isa = PBXFileReference; explicitFileType = wrapper.application; includeInIndex = 0; path = Instagram.app; sourceTree = BUILT_PRODUCTS_DIR; };
		497C53B62694DFDB00AC7B6B /* AppDelegate.h */ = {isa = PBXFileReference; lastKnownFileType = sourcecode.c.h; path = AppDelegate.h; sourceTree = "<group>"; };
		497C53B72694DFDB00AC7B6B /* AppDelegate.m */ = {isa = PBXFileReference; lastKnownFileType = sourcecode.c.objc; path = AppDelegate.m; sourceTree = "<group>"; };
		497C53B92694DFDB00AC7B6B /* SceneDelegate.h */ = {isa = PBXFileReference; lastKnownFileType = sourcecode.c.h; path = SceneDelegate.h; sourceTree = "<group>"; };
		497C53BA2694DFDB00AC7B6B /* SceneDelegate.m */ = {isa = PBXFileReference; lastKnownFileType = sourcecode.c.objc; path = SceneDelegate.m; sourceTree = "<group>"; };
		497C53C02694DFDB00AC7B6B /* Base */ = {isa = PBXFileReference; lastKnownFileType = file.storyboard; name = Base; path = Base.lproj/Main.storyboard; sourceTree = "<group>"; };
		497C53C22694DFDD00AC7B6B /* Assets.xcassets */ = {isa = PBXFileReference; lastKnownFileType = folder.assetcatalog; path = Assets.xcassets; sourceTree = "<group>"; };
		497C53C52694DFDD00AC7B6B /* Base */ = {isa = PBXFileReference; lastKnownFileType = file.storyboard; name = Base; path = Base.lproj/LaunchScreen.storyboard; sourceTree = "<group>"; };
		497C53C72694DFDD00AC7B6B /* Info.plist */ = {isa = PBXFileReference; lastKnownFileType = text.plist.xml; path = Info.plist; sourceTree = "<group>"; };
		497C53C82694DFDD00AC7B6B /* main.m */ = {isa = PBXFileReference; lastKnownFileType = sourcecode.c.objc; path = main.m; sourceTree = "<group>"; };
		497C53CE2694DFDD00AC7B6B /* InstagramTests.xctest */ = {isa = PBXFileReference; explicitFileType = wrapper.cfbundle; includeInIndex = 0; path = InstagramTests.xctest; sourceTree = BUILT_PRODUCTS_DIR; };
		497C53D22694DFDD00AC7B6B /* InstagramTests.m */ = {isa = PBXFileReference; lastKnownFileType = sourcecode.c.objc; path = InstagramTests.m; sourceTree = "<group>"; };
		497C53D42694DFDD00AC7B6B /* Info.plist */ = {isa = PBXFileReference; lastKnownFileType = text.plist.xml; path = Info.plist; sourceTree = "<group>"; };
		497C53D92694DFDD00AC7B6B /* InstagramUITests.xctest */ = {isa = PBXFileReference; explicitFileType = wrapper.cfbundle; includeInIndex = 0; path = InstagramUITests.xctest; sourceTree = BUILT_PRODUCTS_DIR; };
		497C53DD2694DFDD00AC7B6B /* InstagramUITests.m */ = {isa = PBXFileReference; lastKnownFileType = sourcecode.c.objc; path = InstagramUITests.m; sourceTree = "<group>"; };
		497C53DF2694DFDD00AC7B6B /* Info.plist */ = {isa = PBXFileReference; lastKnownFileType = text.plist.xml; path = Info.plist; sourceTree = "<group>"; };
		497C53EB2694EB6A00AC7B6B /* customFont.ttf */ = {isa = PBXFileReference; lastKnownFileType = file; name = customFont.ttf; path = ../../../../Downloads/customFont.ttf; sourceTree = "<group>"; };
		497C53EE2694F43C00AC7B6B /* LoginViewController.h */ = {isa = PBXFileReference; lastKnownFileType = sourcecode.c.h; path = LoginViewController.h; sourceTree = "<group>"; };
		497C53EF2694F43C00AC7B6B /* LoginViewController.m */ = {isa = PBXFileReference; lastKnownFileType = sourcecode.c.objc; path = LoginViewController.m; sourceTree = "<group>"; };
		497C53F226951ACF00AC7B6B /* PostCell.h */ = {isa = PBXFileReference; lastKnownFileType = sourcecode.c.h; path = PostCell.h; sourceTree = "<group>"; };
		497C53F326951ACF00AC7B6B /* PostCell.m */ = {isa = PBXFileReference; lastKnownFileType = sourcecode.c.objc; path = PostCell.m; sourceTree = "<group>"; };
		497C53F526951B3800AC7B6B /* HomeViewController.h */ = {isa = PBXFileReference; lastKnownFileType = sourcecode.c.h; path = HomeViewController.h; sourceTree = "<group>"; };
		497C53F626951B3800AC7B6B /* HomeViewController.m */ = {isa = PBXFileReference; lastKnownFileType = sourcecode.c.objc; path = HomeViewController.m; sourceTree = "<group>"; };
		497C53F826951D3200AC7B6B /* SignupViewController.h */ = {isa = PBXFileReference; lastKnownFileType = sourcecode.c.h; path = SignupViewController.h; sourceTree = "<group>"; };
		497C53F926951D3200AC7B6B /* SignupViewController.m */ = {isa = PBXFileReference; lastKnownFileType = sourcecode.c.objc; path = SignupViewController.m; sourceTree = "<group>"; };
		497C53FE2696177700AC7B6B /* Post.m */ = {isa = PBXFileReference; lastKnownFileType = sourcecode.c.objc; path = Post.m; sourceTree = "<group>"; };
		497C54002696179F00AC7B6B /* Post.h */ = {isa = PBXFileReference; lastKnownFileType = sourcecode.c.h; path = Post.h; sourceTree = "<group>"; };
		497C54012696B9BC00AC7B6B /* PostsCollectionViewController.h */ = {isa = PBXFileReference; lastKnownFileType = sourcecode.c.h; path = PostsCollectionViewController.h; sourceTree = "<group>"; };
		497C54022696B9BC00AC7B6B /* PostsCollectionViewController.m */ = {isa = PBXFileReference; lastKnownFileType = sourcecode.c.objc; path = PostsCollectionViewController.m; sourceTree = "<group>"; };
		497C54042696BA0100AC7B6B /* GridViewController.h */ = {isa = PBXFileReference; lastKnownFileType = sourcecode.c.h; path = GridViewController.h; sourceTree = "<group>"; };
		497C54052696BA0100AC7B6B /* GridViewController.m */ = {isa = PBXFileReference; lastKnownFileType = sourcecode.c.objc; path = GridViewController.m; sourceTree = "<group>"; };
		497C54072696BB9C00AC7B6B /* PostCollectionCell.h */ = {isa = PBXFileReference; lastKnownFileType = sourcecode.c.h; path = PostCollectionCell.h; sourceTree = "<group>"; };
		497C54082696BB9C00AC7B6B /* PostCollectionCell.m */ = {isa = PBXFileReference; lastKnownFileType = sourcecode.c.objc; path = PostCollectionCell.m; sourceTree = "<group>"; };
		49F101D62698E26700E747DC /* CommentCell.h */ = {isa = PBXFileReference; lastKnownFileType = sourcecode.c.h; path = CommentCell.h; sourceTree = "<group>"; };
		49F101D72698E26700E747DC /* CommentCell.m */ = {isa = PBXFileReference; lastKnownFileType = sourcecode.c.objc; path = CommentCell.m; sourceTree = "<group>"; };
		49F101D92698E45900E747DC /* Comments.m */ = {isa = PBXFileReference; lastKnownFileType = sourcecode.c.objc; path = Comments.m; sourceTree = "<group>"; };
		49F101DB2698E46700E747DC /* Comments.h */ = {isa = PBXFileReference; lastKnownFileType = sourcecode.c.h; path = Comments.h; sourceTree = "<group>"; };
		4C29C7AE7E65A498246ACB6A /* Pods-Instagram-InstagramUITests.debug.xcconfig */ = {isa = PBXFileReference; includeInIndex = 1; lastKnownFileType = text.xcconfig; name = "Pods-Instagram-InstagramUITests.debug.xcconfig"; path = "Target Support Files/Pods-Instagram-InstagramUITests/Pods-Instagram-InstagramUITests.debug.xcconfig"; sourceTree = "<group>"; };
		9D14FA4885DF27058C14BA9E /* Pods-Instagram.debug.xcconfig */ = {isa = PBXFileReference; includeInIndex = 1; lastKnownFileType = text.xcconfig; name = "Pods-Instagram.debug.xcconfig"; path = "Target Support Files/Pods-Instagram/Pods-Instagram.debug.xcconfig"; sourceTree = "<group>"; };
		A6AA40665E9316B4C6898022 /* Pods-InstagramTests.debug.xcconfig */ = {isa = PBXFileReference; includeInIndex = 1; lastKnownFileType = text.xcconfig; name = "Pods-InstagramTests.debug.xcconfig"; path = "Target Support Files/Pods-InstagramTests/Pods-InstagramTests.debug.xcconfig"; sourceTree = "<group>"; };
		F45074D8FA35608B0D039B90 /* Pods-InstagramTests.release.xcconfig */ = {isa = PBXFileReference; includeInIndex = 1; lastKnownFileType = text.xcconfig; name = "Pods-InstagramTests.release.xcconfig"; path = "Target Support Files/Pods-InstagramTests/Pods-InstagramTests.release.xcconfig"; sourceTree = "<group>"; };
/* End PBXFileReference section */

/* Begin PBXFrameworksBuildPhase section */
		497C53B02694DFDB00AC7B6B /* Frameworks */ = {
			isa = PBXFrameworksBuildPhase;
			buildActionMask = 2147483647;
			files = (
				FE781295F71357B22DCC886E /* Pods_Instagram.framework in Frameworks */,
			);
			runOnlyForDeploymentPostprocessing = 0;
		};
		497C53CB2694DFDD00AC7B6B /* Frameworks */ = {
			isa = PBXFrameworksBuildPhase;
			buildActionMask = 2147483647;
			files = (
				E2BF64785C4E289570153ECD /* Pods_InstagramTests.framework in Frameworks */,
			);
			runOnlyForDeploymentPostprocessing = 0;
		};
		497C53D62694DFDD00AC7B6B /* Frameworks */ = {
			isa = PBXFrameworksBuildPhase;
			buildActionMask = 2147483647;
			files = (
				C9E741B5E4B9E269AFD3BA66 /* Pods_Instagram_InstagramUITests.framework in Frameworks */,
			);
			runOnlyForDeploymentPostprocessing = 0;
		};
/* End PBXFrameworksBuildPhase section */

/* Begin PBXGroup section */
		497C53AA2694DFDB00AC7B6B = {
			isa = PBXGroup;
			children = (
				497C53B52694DFDB00AC7B6B /* Instagram */,
				497C53D12694DFDD00AC7B6B /* InstagramTests */,
				497C53DC2694DFDD00AC7B6B /* InstagramUITests */,
				497C53B42694DFDB00AC7B6B /* Products */,
				60C876D114CD9C27888420F8 /* Pods */,
				7FFE66B5C41B52C11ABD72E0 /* Frameworks */,
			);
			sourceTree = "<group>";
		};
		497C53B42694DFDB00AC7B6B /* Products */ = {
			isa = PBXGroup;
			children = (
				497C53B32694DFDB00AC7B6B /* Instagram.app */,
				497C53CE2694DFDD00AC7B6B /* InstagramTests.xctest */,
				497C53D92694DFDD00AC7B6B /* InstagramUITests.xctest */,
			);
			name = Products;
			sourceTree = "<group>";
		};
		497C53B52694DFDB00AC7B6B /* Instagram */ = {
			isa = PBXGroup;
			children = (
				497C53F126951AB900AC7B6B /* Views */,
				497C53ED2694F41C00AC7B6B /* ViewControllers */,
				497C53EB2694EB6A00AC7B6B /* customFont.ttf */,
				497C53B62694DFDB00AC7B6B /* AppDelegate.h */,
				497C53B72694DFDB00AC7B6B /* AppDelegate.m */,
				497C53B92694DFDB00AC7B6B /* SceneDelegate.h */,
				497C53BA2694DFDB00AC7B6B /* SceneDelegate.m */,
				497C53BF2694DFDB00AC7B6B /* Main.storyboard */,
				497C53C22694DFDD00AC7B6B /* Assets.xcassets */,
				497C53C42694DFDD00AC7B6B /* LaunchScreen.storyboard */,
				497C53C72694DFDD00AC7B6B /* Info.plist */,
				497C53C82694DFDD00AC7B6B /* main.m */,
			);
			path = Instagram;
			sourceTree = "<group>";
		};
		497C53D12694DFDD00AC7B6B /* InstagramTests */ = {
			isa = PBXGroup;
			children = (
				497C53D22694DFDD00AC7B6B /* InstagramTests.m */,
				497C53D42694DFDD00AC7B6B /* Info.plist */,
			);
			path = InstagramTests;
			sourceTree = "<group>";
		};
		497C53DC2694DFDD00AC7B6B /* InstagramUITests */ = {
			isa = PBXGroup;
			children = (
				497C53DD2694DFDD00AC7B6B /* InstagramUITests.m */,
				497C53DF2694DFDD00AC7B6B /* Info.plist */,
			);
			path = InstagramUITests;
			sourceTree = "<group>";
		};
		497C53ED2694F41C00AC7B6B /* ViewControllers */ = {
			isa = PBXGroup;
			children = (
				497C53EE2694F43C00AC7B6B /* LoginViewController.h */,
				497C53EF2694F43C00AC7B6B /* LoginViewController.m */,
				497C53F526951B3800AC7B6B /* HomeViewController.h */,
				497C53F626951B3800AC7B6B /* HomeViewController.m */,
				497C53F826951D3200AC7B6B /* SignupViewController.h */,
				497C53F926951D3200AC7B6B /* SignupViewController.m */,
				497C54012696B9BC00AC7B6B /* PostsCollectionViewController.h */,
				497C54022696B9BC00AC7B6B /* PostsCollectionViewController.m */,
				497C54042696BA0100AC7B6B /* GridViewController.h */,
				497C54052696BA0100AC7B6B /* GridViewController.m */,
				490FF6CC26974D9B00F49A2E /* EditViewController.h */,
				490FF6CD26974D9B00F49A2E /* EditViewController.m */,
				490FF6CF26974FCA00F49A2E /* ComposeViewController.h */,
				490FF6D026974FCA00F49A2E /* ComposeViewController.m */,
				490FF6D226977D3900F49A2E /* DetailsViewController.h */,
				490FF6D326977D3900F49A2E /* DetailsViewController.m */,
			);
			path = ViewControllers;
			sourceTree = "<group>";
		};
		497C53F126951AB900AC7B6B /* Views */ = {
			isa = PBXGroup;
			children = (
				497C53F226951ACF00AC7B6B /* PostCell.h */,
				497C53F326951ACF00AC7B6B /* PostCell.m */,
				497C53FE2696177700AC7B6B /* Post.m */,
				497C54002696179F00AC7B6B /* Post.h */,
				497C54072696BB9C00AC7B6B /* PostCollectionCell.h */,
				497C54082696BB9C00AC7B6B /* PostCollectionCell.m */,
				4966F2342697B67E007AD0C7 /* profileImage.m */,
				4966F2362697B690007AD0C7 /* profileImage.h */,
				49F101D62698E26700E747DC /* CommentCell.h */,
				49F101D72698E26700E747DC /* CommentCell.m */,
				49F101D92698E45900E747DC /* Comments.m */,
				49F101DB2698E46700E747DC /* Comments.h */,
			);
			path = Views;
			sourceTree = "<group>";
		};
		60C876D114CD9C27888420F8 /* Pods */ = {
			isa = PBXGroup;
			children = (
				9D14FA4885DF27058C14BA9E /* Pods-Instagram.debug.xcconfig */,
				0F5BAC1558256FF25B37DAB0 /* Pods-Instagram.release.xcconfig */,
				4C29C7AE7E65A498246ACB6A /* Pods-Instagram-InstagramUITests.debug.xcconfig */,
				0F6C51B86FB12B740758E55C /* Pods-Instagram-InstagramUITests.release.xcconfig */,
				A6AA40665E9316B4C6898022 /* Pods-InstagramTests.debug.xcconfig */,
				F45074D8FA35608B0D039B90 /* Pods-InstagramTests.release.xcconfig */,
			);
			path = Pods;
			sourceTree = "<group>";
		};
		7FFE66B5C41B52C11ABD72E0 /* Frameworks */ = {
			isa = PBXGroup;
			children = (
				0870A24194A3E4213C1E0EE5 /* Pods_Instagram.framework */,
				10C0CC4E5F2577A475CD4E8A /* Pods_Instagram_InstagramUITests.framework */,
				004E45410EDB98C99D269B72 /* Pods_InstagramTests.framework */,
			);
			name = Frameworks;
			sourceTree = "<group>";
		};
/* End PBXGroup section */

/* Begin PBXNativeTarget section */
		497C53B22694DFDB00AC7B6B /* Instagram */ = {
			isa = PBXNativeTarget;
			buildConfigurationList = 497C53E22694DFDD00AC7B6B /* Build configuration list for PBXNativeTarget "Instagram" */;
			buildPhases = (
				D5FF3DB5EB934D172BFEC6F3 /* [CP] Check Pods Manifest.lock */,
				497C53AF2694DFDB00AC7B6B /* Sources */,
				497C53B02694DFDB00AC7B6B /* Frameworks */,
				497C53B12694DFDB00AC7B6B /* Resources */,
				FB541F31397C0A13220B90F2 /* [CP] Embed Pods Frameworks */,
			);
			buildRules = (
			);
			dependencies = (
			);
			name = Instagram;
			productName = Instagram;
			productReference = 497C53B32694DFDB00AC7B6B /* Instagram.app */;
			productType = "com.apple.product-type.application";
		};
		497C53CD2694DFDD00AC7B6B /* InstagramTests */ = {
			isa = PBXNativeTarget;
			buildConfigurationList = 497C53E52694DFDD00AC7B6B /* Build configuration list for PBXNativeTarget "InstagramTests" */;
			buildPhases = (
				D9B6027376DFEDF511A5699E /* [CP] Check Pods Manifest.lock */,
				497C53CA2694DFDD00AC7B6B /* Sources */,
				497C53CB2694DFDD00AC7B6B /* Frameworks */,
				497C53CC2694DFDD00AC7B6B /* Resources */,
			);
			buildRules = (
			);
			dependencies = (
				497C53D02694DFDD00AC7B6B /* PBXTargetDependency */,
			);
			name = InstagramTests;
			productName = InstagramTests;
			productReference = 497C53CE2694DFDD00AC7B6B /* InstagramTests.xctest */;
			productType = "com.apple.product-type.bundle.unit-test";
		};
		497C53D82694DFDD00AC7B6B /* InstagramUITests */ = {
			isa = PBXNativeTarget;
			buildConfigurationList = 497C53E82694DFDD00AC7B6B /* Build configuration list for PBXNativeTarget "InstagramUITests" */;
			buildPhases = (
				08BE2236944FE980BE591014 /* [CP] Check Pods Manifest.lock */,
				497C53D52694DFDD00AC7B6B /* Sources */,
				497C53D62694DFDD00AC7B6B /* Frameworks */,
				497C53D72694DFDD00AC7B6B /* Resources */,
				B52103591E603B3A841628C6 /* [CP] Embed Pods Frameworks */,
			);
			buildRules = (
			);
			dependencies = (
				497C53DB2694DFDD00AC7B6B /* PBXTargetDependency */,
			);
			name = InstagramUITests;
			productName = InstagramUITests;
			productReference = 497C53D92694DFDD00AC7B6B /* InstagramUITests.xctest */;
			productType = "com.apple.product-type.bundle.ui-testing";
		};
/* End PBXNativeTarget section */

/* Begin PBXProject section */
		497C53AB2694DFDB00AC7B6B /* Project object */ = {
			isa = PBXProject;
			attributes = {
				LastUpgradeCheck = 1250;
				TargetAttributes = {
					497C53B22694DFDB00AC7B6B = {
						CreatedOnToolsVersion = 12.5.1;
					};
					497C53CD2694DFDD00AC7B6B = {
						CreatedOnToolsVersion = 12.5.1;
						TestTargetID = 497C53B22694DFDB00AC7B6B;
					};
					497C53D82694DFDD00AC7B6B = {
						CreatedOnToolsVersion = 12.5.1;
						TestTargetID = 497C53B22694DFDB00AC7B6B;
					};
				};
			};
			buildConfigurationList = 497C53AE2694DFDB00AC7B6B /* Build configuration list for PBXProject "Instagram" */;
			compatibilityVersion = "Xcode 9.3";
			developmentRegion = en;
			hasScannedForEncodings = 0;
			knownRegions = (
				en,
				Base,
			);
			mainGroup = 497C53AA2694DFDB00AC7B6B;
			productRefGroup = 497C53B42694DFDB00AC7B6B /* Products */;
			projectDirPath = "";
			projectRoot = "";
			targets = (
				497C53B22694DFDB00AC7B6B /* Instagram */,
				497C53CD2694DFDD00AC7B6B /* InstagramTests */,
				497C53D82694DFDD00AC7B6B /* InstagramUITests */,
			);
		};
/* End PBXProject section */

/* Begin PBXResourcesBuildPhase section */
		497C53B12694DFDB00AC7B6B /* Resources */ = {
			isa = PBXResourcesBuildPhase;
			buildActionMask = 2147483647;
			files = (
				497C53C62694DFDD00AC7B6B /* LaunchScreen.storyboard in Resources */,
				497C53EC2694EB6A00AC7B6B /* customFont.ttf in Resources */,
				497C53C32694DFDD00AC7B6B /* Assets.xcassets in Resources */,
				497C53C12694DFDB00AC7B6B /* Main.storyboard in Resources */,
			);
			runOnlyForDeploymentPostprocessing = 0;
		};
		497C53CC2694DFDD00AC7B6B /* Resources */ = {
			isa = PBXResourcesBuildPhase;
			buildActionMask = 2147483647;
			files = (
			);
			runOnlyForDeploymentPostprocessing = 0;
		};
		497C53D72694DFDD00AC7B6B /* Resources */ = {
			isa = PBXResourcesBuildPhase;
			buildActionMask = 2147483647;
			files = (
			);
			runOnlyForDeploymentPostprocessing = 0;
		};
/* End PBXResourcesBuildPhase section */

/* Begin PBXShellScriptBuildPhase section */
		08BE2236944FE980BE591014 /* [CP] Check Pods Manifest.lock */ = {
			isa = PBXShellScriptBuildPhase;
			buildActionMask = 2147483647;
			files = (
			);
			inputFileListPaths = (
			);
			inputPaths = (
				"${PODS_PODFILE_DIR_PATH}/Podfile.lock",
				"${PODS_ROOT}/Manifest.lock",
			);
			name = "[CP] Check Pods Manifest.lock";
			outputFileListPaths = (
			);
			outputPaths = (
				"$(DERIVED_FILE_DIR)/Pods-Instagram-InstagramUITests-checkManifestLockResult.txt",
			);
			runOnlyForDeploymentPostprocessing = 0;
			shellPath = /bin/sh;
			shellScript = "diff \"${PODS_PODFILE_DIR_PATH}/Podfile.lock\" \"${PODS_ROOT}/Manifest.lock\" > /dev/null\nif [ $? != 0 ] ; then\n    # print error to STDERR\n    echo \"error: The sandbox is not in sync with the Podfile.lock. Run 'pod install' or update your CocoaPods installation.\" >&2\n    exit 1\nfi\n# This output is used by Xcode 'outputs' to avoid re-running this script phase.\necho \"SUCCESS\" > \"${SCRIPT_OUTPUT_FILE_0}\"\n";
			showEnvVarsInLog = 0;
		};
		B52103591E603B3A841628C6 /* [CP] Embed Pods Frameworks */ = {
			isa = PBXShellScriptBuildPhase;
			buildActionMask = 2147483647;
			files = (
			);
			inputFileListPaths = (
				"${PODS_ROOT}/Target Support Files/Pods-Instagram-InstagramUITests/Pods-Instagram-InstagramUITests-frameworks-${CONFIGURATION}-input-files.xcfilelist",
			);
			name = "[CP] Embed Pods Frameworks";
			outputFileListPaths = (
				"${PODS_ROOT}/Target Support Files/Pods-Instagram-InstagramUITests/Pods-Instagram-InstagramUITests-frameworks-${CONFIGURATION}-output-files.xcfilelist",
			);
			runOnlyForDeploymentPostprocessing = 0;
			shellPath = /bin/sh;
			shellScript = "\"${PODS_ROOT}/Target Support Files/Pods-Instagram-InstagramUITests/Pods-Instagram-InstagramUITests-frameworks.sh\"\n";
			showEnvVarsInLog = 0;
		};
		D5FF3DB5EB934D172BFEC6F3 /* [CP] Check Pods Manifest.lock */ = {
			isa = PBXShellScriptBuildPhase;
			buildActionMask = 2147483647;
			files = (
			);
			inputFileListPaths = (
			);
			inputPaths = (
				"${PODS_PODFILE_DIR_PATH}/Podfile.lock",
				"${PODS_ROOT}/Manifest.lock",
			);
			name = "[CP] Check Pods Manifest.lock";
			outputFileListPaths = (
			);
			outputPaths = (
				"$(DERIVED_FILE_DIR)/Pods-Instagram-checkManifestLockResult.txt",
			);
			runOnlyForDeploymentPostprocessing = 0;
			shellPath = /bin/sh;
			shellScript = "diff \"${PODS_PODFILE_DIR_PATH}/Podfile.lock\" \"${PODS_ROOT}/Manifest.lock\" > /dev/null\nif [ $? != 0 ] ; then\n    # print error to STDERR\n    echo \"error: The sandbox is not in sync with the Podfile.lock. Run 'pod install' or update your CocoaPods installation.\" >&2\n    exit 1\nfi\n# This output is used by Xcode 'outputs' to avoid re-running this script phase.\necho \"SUCCESS\" > \"${SCRIPT_OUTPUT_FILE_0}\"\n";
			showEnvVarsInLog = 0;
		};
		D9B6027376DFEDF511A5699E /* [CP] Check Pods Manifest.lock */ = {
			isa = PBXShellScriptBuildPhase;
			buildActionMask = 2147483647;
			files = (
			);
			inputFileListPaths = (
			);
			inputPaths = (
				"${PODS_PODFILE_DIR_PATH}/Podfile.lock",
				"${PODS_ROOT}/Manifest.lock",
			);
			name = "[CP] Check Pods Manifest.lock";
			outputFileListPaths = (
			);
			outputPaths = (
				"$(DERIVED_FILE_DIR)/Pods-InstagramTests-checkManifestLockResult.txt",
			);
			runOnlyForDeploymentPostprocessing = 0;
			shellPath = /bin/sh;
			shellScript = "diff \"${PODS_PODFILE_DIR_PATH}/Podfile.lock\" \"${PODS_ROOT}/Manifest.lock\" > /dev/null\nif [ $? != 0 ] ; then\n    # print error to STDERR\n    echo \"error: The sandbox is not in sync with the Podfile.lock. Run 'pod install' or update your CocoaPods installation.\" >&2\n    exit 1\nfi\n# This output is used by Xcode 'outputs' to avoid re-running this script phase.\necho \"SUCCESS\" > \"${SCRIPT_OUTPUT_FILE_0}\"\n";
			showEnvVarsInLog = 0;
		};
		FB541F31397C0A13220B90F2 /* [CP] Embed Pods Frameworks */ = {
			isa = PBXShellScriptBuildPhase;
			buildActionMask = 2147483647;
			files = (
			);
			inputFileListPaths = (
				"${PODS_ROOT}/Target Support Files/Pods-Instagram/Pods-Instagram-frameworks-${CONFIGURATION}-input-files.xcfilelist",
			);
			name = "[CP] Embed Pods Frameworks";
			outputFileListPaths = (
				"${PODS_ROOT}/Target Support Files/Pods-Instagram/Pods-Instagram-frameworks-${CONFIGURATION}-output-files.xcfilelist",
			);
			runOnlyForDeploymentPostprocessing = 0;
			shellPath = /bin/sh;
			shellScript = "\"${PODS_ROOT}/Target Support Files/Pods-Instagram/Pods-Instagram-frameworks.sh\"\n";
			showEnvVarsInLog = 0;
		};
/* End PBXShellScriptBuildPhase section */

/* Begin PBXSourcesBuildPhase section */
		497C53AF2694DFDB00AC7B6B /* Sources */ = {
			isa = PBXSourcesBuildPhase;
			buildActionMask = 2147483647;
			files = (
				497C53B82694DFDB00AC7B6B /* AppDelegate.m in Sources */,
				497C53C92694DFDD00AC7B6B /* main.m in Sources */,
				497C54092696BB9C00AC7B6B /* PostCollectionCell.m in Sources */,
				497C54062696BA0100AC7B6B /* GridViewController.m in Sources */,
				4966F2352697B67E007AD0C7 /* profileImage.m in Sources */,
				49F101DA2698E45900E747DC /* Comments.m in Sources */,
				490FF6CE26974D9B00F49A2E /* EditViewController.m in Sources */,
				497C54032696B9BC00AC7B6B /* PostsCollectionViewController.m in Sources */,
				497C53BB2694DFDB00AC7B6B /* SceneDelegate.m in Sources */,
				497C53F02694F43C00AC7B6B /* LoginViewController.m in Sources */,
				497C53FF2696177700AC7B6B /* Post.m in Sources */,
				497C53F426951ACF00AC7B6B /* PostCell.m in Sources */,
				49F101D82698E26700E747DC /* CommentCell.m in Sources */,
				490FF6D126974FCA00F49A2E /* ComposeViewController.m in Sources */,
				490FF6D426977D3900F49A2E /* DetailsViewController.m in Sources */,
				497C53FA26951D3200AC7B6B /* SignupViewController.m in Sources */,
				497C53F726951B3800AC7B6B /* HomeViewController.m in Sources */,
			);
			runOnlyForDeploymentPostprocessing = 0;
		};
		497C53CA2694DFDD00AC7B6B /* Sources */ = {
			isa = PBXSourcesBuildPhase;
			buildActionMask = 2147483647;
			files = (
				497C53D32694DFDD00AC7B6B /* InstagramTests.m in Sources */,
			);
			runOnlyForDeploymentPostprocessing = 0;
		};
		497C53D52694DFDD00AC7B6B /* Sources */ = {
			isa = PBXSourcesBuildPhase;
			buildActionMask = 2147483647;
			files = (
				497C53DE2694DFDD00AC7B6B /* InstagramUITests.m in Sources */,
			);
			runOnlyForDeploymentPostprocessing = 0;
		};
/* End PBXSourcesBuildPhase section */

/* Begin PBXTargetDependency section */
		497C53D02694DFDD00AC7B6B /* PBXTargetDependency */ = {
			isa = PBXTargetDependency;
			target = 497C53B22694DFDB00AC7B6B /* Instagram */;
			targetProxy = 497C53CF2694DFDD00AC7B6B /* PBXContainerItemProxy */;
		};
		497C53DB2694DFDD00AC7B6B /* PBXTargetDependency */ = {
			isa = PBXTargetDependency;
			target = 497C53B22694DFDB00AC7B6B /* Instagram */;
			targetProxy = 497C53DA2694DFDD00AC7B6B /* PBXContainerItemProxy */;
		};
/* End PBXTargetDependency section */

/* Begin PBXVariantGroup section */
		497C53BF2694DFDB00AC7B6B /* Main.storyboard */ = {
			isa = PBXVariantGroup;
			children = (
				497C53C02694DFDB00AC7B6B /* Base */,
			);
			name = Main.storyboard;
			sourceTree = "<group>";
		};
		497C53C42694DFDD00AC7B6B /* LaunchScreen.storyboard */ = {
			isa = PBXVariantGroup;
			children = (
				497C53C52694DFDD00AC7B6B /* Base */,
			);
			name = LaunchScreen.storyboard;
			sourceTree = "<group>";
		};
/* End PBXVariantGroup section */

/* Begin XCBuildConfiguration section */
		497C53E02694DFDD00AC7B6B /* Debug */ = {
			isa = XCBuildConfiguration;
			buildSettings = {
				ALWAYS_SEARCH_USER_PATHS = NO;
				CLANG_ANALYZER_NONNULL = YES;
				CLANG_ANALYZER_NUMBER_OBJECT_CONVERSION = YES_AGGRESSIVE;
				CLANG_CXX_LANGUAGE_STANDARD = "gnu++14";
				CLANG_CXX_LIBRARY = "libc++";
				CLANG_ENABLE_MODULES = YES;
				CLANG_ENABLE_OBJC_ARC = YES;
				CLANG_ENABLE_OBJC_WEAK = YES;
				CLANG_WARN_BLOCK_CAPTURE_AUTORELEASING = YES;
				CLANG_WARN_BOOL_CONVERSION = YES;
				CLANG_WARN_COMMA = YES;
				CLANG_WARN_CONSTANT_CONVERSION = YES;
				CLANG_WARN_DEPRECATED_OBJC_IMPLEMENTATIONS = YES;
				CLANG_WARN_DIRECT_OBJC_ISA_USAGE = YES_ERROR;
				CLANG_WARN_DOCUMENTATION_COMMENTS = YES;
				CLANG_WARN_EMPTY_BODY = YES;
				CLANG_WARN_ENUM_CONVERSION = YES;
				CLANG_WARN_INFINITE_RECURSION = YES;
				CLANG_WARN_INT_CONVERSION = YES;
				CLANG_WARN_NON_LITERAL_NULL_CONVERSION = YES;
				CLANG_WARN_OBJC_IMPLICIT_RETAIN_SELF = YES;
				CLANG_WARN_OBJC_LITERAL_CONVERSION = YES;
				CLANG_WARN_OBJC_ROOT_CLASS = YES_ERROR;
				CLANG_WARN_QUOTED_INCLUDE_IN_FRAMEWORK_HEADER = YES;
				CLANG_WARN_RANGE_LOOP_ANALYSIS = YES;
				CLANG_WARN_STRICT_PROTOTYPES = YES;
				CLANG_WARN_SUSPICIOUS_MOVE = YES;
				CLANG_WARN_UNGUARDED_AVAILABILITY = YES_AGGRESSIVE;
				CLANG_WARN_UNREACHABLE_CODE = YES;
				CLANG_WARN__DUPLICATE_METHOD_MATCH = YES;
				COPY_PHASE_STRIP = NO;
				DEBUG_INFORMATION_FORMAT = dwarf;
				ENABLE_STRICT_OBJC_MSGSEND = YES;
				ENABLE_TESTABILITY = YES;
				GCC_C_LANGUAGE_STANDARD = gnu11;
				GCC_DYNAMIC_NO_PIC = NO;
				GCC_NO_COMMON_BLOCKS = YES;
				GCC_OPTIMIZATION_LEVEL = 0;
				GCC_PREPROCESSOR_DEFINITIONS = (
					"DEBUG=1",
					"$(inherited)",
				);
				GCC_WARN_64_TO_32_BIT_CONVERSION = YES;
				GCC_WARN_ABOUT_RETURN_TYPE = YES_ERROR;
				GCC_WARN_UNDECLARED_SELECTOR = YES;
				GCC_WARN_UNINITIALIZED_AUTOS = YES_AGGRESSIVE;
				GCC_WARN_UNUSED_FUNCTION = YES;
				GCC_WARN_UNUSED_VARIABLE = YES;
				IPHONEOS_DEPLOYMENT_TARGET = 14.5;
				MTL_ENABLE_DEBUG_INFO = INCLUDE_SOURCE;
				MTL_FAST_MATH = YES;
				ONLY_ACTIVE_ARCH = YES;
				SDKROOT = iphoneos;
			};
			name = Debug;
		};
		497C53E12694DFDD00AC7B6B /* Release */ = {
			isa = XCBuildConfiguration;
			buildSettings = {
				ALWAYS_SEARCH_USER_PATHS = NO;
				CLANG_ANALYZER_NONNULL = YES;
				CLANG_ANALYZER_NUMBER_OBJECT_CONVERSION = YES_AGGRESSIVE;
				CLANG_CXX_LANGUAGE_STANDARD = "gnu++14";
				CLANG_CXX_LIBRARY = "libc++";
				CLANG_ENABLE_MODULES = YES;
				CLANG_ENABLE_OBJC_ARC = YES;
				CLANG_ENABLE_OBJC_WEAK = YES;
				CLANG_WARN_BLOCK_CAPTURE_AUTORELEASING = YES;
				CLANG_WARN_BOOL_CONVERSION = YES;
				CLANG_WARN_COMMA = YES;
				CLANG_WARN_CONSTANT_CONVERSION = YES;
				CLANG_WARN_DEPRECATED_OBJC_IMPLEMENTATIONS = YES;
				CLANG_WARN_DIRECT_OBJC_ISA_USAGE = YES_ERROR;
				CLANG_WARN_DOCUMENTATION_COMMENTS = YES;
				CLANG_WARN_EMPTY_BODY = YES;
				CLANG_WARN_ENUM_CONVERSION = YES;
				CLANG_WARN_INFINITE_RECURSION = YES;
				CLANG_WARN_INT_CONVERSION = YES;
				CLANG_WARN_NON_LITERAL_NULL_CONVERSION = YES;
				CLANG_WARN_OBJC_IMPLICIT_RETAIN_SELF = YES;
				CLANG_WARN_OBJC_LITERAL_CONVERSION = YES;
				CLANG_WARN_OBJC_ROOT_CLASS = YES_ERROR;
				CLANG_WARN_QUOTED_INCLUDE_IN_FRAMEWORK_HEADER = YES;
				CLANG_WARN_RANGE_LOOP_ANALYSIS = YES;
				CLANG_WARN_STRICT_PROTOTYPES = YES;
				CLANG_WARN_SUSPICIOUS_MOVE = YES;
				CLANG_WARN_UNGUARDED_AVAILABILITY = YES_AGGRESSIVE;
				CLANG_WARN_UNREACHABLE_CODE = YES;
				CLANG_WARN__DUPLICATE_METHOD_MATCH = YES;
				COPY_PHASE_STRIP = NO;
				DEBUG_INFORMATION_FORMAT = "dwarf-with-dsym";
				ENABLE_NS_ASSERTIONS = NO;
				ENABLE_STRICT_OBJC_MSGSEND = YES;
				GCC_C_LANGUAGE_STANDARD = gnu11;
				GCC_NO_COMMON_BLOCKS = YES;
				GCC_WARN_64_TO_32_BIT_CONVERSION = YES;
				GCC_WARN_ABOUT_RETURN_TYPE = YES_ERROR;
				GCC_WARN_UNDECLARED_SELECTOR = YES;
				GCC_WARN_UNINITIALIZED_AUTOS = YES_AGGRESSIVE;
				GCC_WARN_UNUSED_FUNCTION = YES;
				GCC_WARN_UNUSED_VARIABLE = YES;
				IPHONEOS_DEPLOYMENT_TARGET = 14.5;
				MTL_ENABLE_DEBUG_INFO = NO;
				MTL_FAST_MATH = YES;
				SDKROOT = iphoneos;
				VALIDATE_PRODUCT = YES;
			};
			name = Release;
		};
		497C53E32694DFDD00AC7B6B /* Debug */ = {
			isa = XCBuildConfiguration;
			baseConfigurationReference = 9D14FA4885DF27058C14BA9E /* Pods-Instagram.debug.xcconfig */;
			buildSettings = {
				ASSETCATALOG_COMPILER_APPICON_NAME = AppIcon;
				ASSETCATALOG_COMPILER_GLOBAL_ACCENT_COLOR_NAME = AccentColor;
				CODE_SIGN_STYLE = Automatic;
				DEVELOPMENT_TEAM = Y8Z6A555QR;
				INFOPLIST_FILE = Instagram/Info.plist;
				LD_RUNPATH_SEARCH_PATHS = (
					"$(inherited)",
					"@executable_path/Frameworks",
				);
				PRODUCT_BUNDLE_IDENTIFIER = com.rutvims.Instagram;
				PRODUCT_NAME = "$(TARGET_NAME)";
				TARGETED_DEVICE_FAMILY = "1,2";
			};
			name = Debug;
		};
		497C53E42694DFDD00AC7B6B /* Release */ = {
			isa = XCBuildConfiguration;
			baseConfigurationReference = 0F5BAC1558256FF25B37DAB0 /* Pods-Instagram.release.xcconfig */;
			buildSettings = {
				ASSETCATALOG_COMPILER_APPICON_NAME = AppIcon;
				ASSETCATALOG_COMPILER_GLOBAL_ACCENT_COLOR_NAME = AccentColor;
				CODE_SIGN_STYLE = Automatic;
				DEVELOPMENT_TEAM = Y8Z6A555QR;
				INFOPLIST_FILE = Instagram/Info.plist;
				LD_RUNPATH_SEARCH_PATHS = (
					"$(inherited)",
					"@executable_path/Frameworks",
				);
				PRODUCT_BUNDLE_IDENTIFIER = com.rutvims.Instagram;
				PRODUCT_NAME = "$(TARGET_NAME)";
				TARGETED_DEVICE_FAMILY = "1,2";
			};
			name = Release;
		};
		497C53E62694DFDD00AC7B6B /* Debug */ = {
			isa = XCBuildConfiguration;
			baseConfigurationReference = A6AA40665E9316B4C6898022 /* Pods-InstagramTests.debug.xcconfig */;
			buildSettings = {
				BUNDLE_LOADER = "$(TEST_HOST)";
				CODE_SIGN_STYLE = Automatic;
				DEVELOPMENT_TEAM = Y8Z6A555QR;
				INFOPLIST_FILE = InstagramTests/Info.plist;
				IPHONEOS_DEPLOYMENT_TARGET = 14.5;
				LD_RUNPATH_SEARCH_PATHS = (
					"$(inherited)",
					"@executable_path/Frameworks",
					"@loader_path/Frameworks",
				);
				PRODUCT_BUNDLE_IDENTIFIER = com.rutvims.InstagramTests;
				PRODUCT_NAME = "$(TARGET_NAME)";
				TARGETED_DEVICE_FAMILY = "1,2";
				TEST_HOST = "$(BUILT_PRODUCTS_DIR)/Instagram.app/Instagram";
			};
			name = Debug;
		};
		497C53E72694DFDD00AC7B6B /* Release */ = {
			isa = XCBuildConfiguration;
			baseConfigurationReference = F45074D8FA35608B0D039B90 /* Pods-InstagramTests.release.xcconfig */;
			buildSettings = {
				BUNDLE_LOADER = "$(TEST_HOST)";
				CODE_SIGN_STYLE = Automatic;
				DEVELOPMENT_TEAM = Y8Z6A555QR;
				INFOPLIST_FILE = InstagramTests/Info.plist;
				IPHONEOS_DEPLOYMENT_TARGET = 14.5;
				LD_RUNPATH_SEARCH_PATHS = (
					"$(inherited)",
					"@executable_path/Frameworks",
					"@loader_path/Frameworks",
				);
				PRODUCT_BUNDLE_IDENTIFIER = com.rutvims.InstagramTests;
				PRODUCT_NAME = "$(TARGET_NAME)";
				TARGETED_DEVICE_FAMILY = "1,2";
				TEST_HOST = "$(BUILT_PRODUCTS_DIR)/Instagram.app/Instagram";
			};
			name = Release;
		};
		497C53E92694DFDD00AC7B6B /* Debug */ = {
			isa = XCBuildConfiguration;
			baseConfigurationReference = 4C29C7AE7E65A498246ACB6A /* Pods-Instagram-InstagramUITests.debug.xcconfig */;
			buildSettings = {
				CODE_SIGN_STYLE = Automatic;
				DEVELOPMENT_TEAM = Y8Z6A555QR;
				INFOPLIST_FILE = InstagramUITests/Info.plist;
				LD_RUNPATH_SEARCH_PATHS = (
					"$(inherited)",
					"@executable_path/Frameworks",
					"@loader_path/Frameworks",
				);
				PRODUCT_BUNDLE_IDENTIFIER = com.rutvims.InstagramUITests;
				PRODUCT_NAME = "$(TARGET_NAME)";
				TARGETED_DEVICE_FAMILY = "1,2";
				TEST_TARGET_NAME = Instagram;
			};
			name = Debug;
		};
		497C53EA2694DFDD00AC7B6B /* Release */ = {
			isa = XCBuildConfiguration;
			baseConfigurationReference = 0F6C51B86FB12B740758E55C /* Pods-Instagram-InstagramUITests.release.xcconfig */;
			buildSettings = {
				CODE_SIGN_STYLE = Automatic;
				DEVELOPMENT_TEAM = Y8Z6A555QR;
				INFOPLIST_FILE = InstagramUITests/Info.plist;
				LD_RUNPATH_SEARCH_PATHS = (
					"$(inherited)",
					"@executable_path/Frameworks",
					"@loader_path/Frameworks",
				);
				PRODUCT_BUNDLE_IDENTIFIER = com.rutvims.InstagramUITests;
				PRODUCT_NAME = "$(TARGET_NAME)";
				TARGETED_DEVICE_FAMILY = "1,2";
				TEST_TARGET_NAME = Instagram;
			};
			name = Release;
		};
/* End XCBuildConfiguration section */

/* Begin XCConfigurationList section */
		497C53AE2694DFDB00AC7B6B /* Build configuration list for PBXProject "Instagram" */ = {
			isa = XCConfigurationList;
			buildConfigurations = (
				497C53E02694DFDD00AC7B6B /* Debug */,
				497C53E12694DFDD00AC7B6B /* Release */,
			);
			defaultConfigurationIsVisible = 0;
			defaultConfigurationName = Release;
		};
		497C53E22694DFDD00AC7B6B /* Build configuration list for PBXNativeTarget "Instagram" */ = {
			isa = XCConfigurationList;
			buildConfigurations = (
				497C53E32694DFDD00AC7B6B /* Debug */,
				497C53E42694DFDD00AC7B6B /* Release */,
			);
			defaultConfigurationIsVisible = 0;
			defaultConfigurationName = Release;
		};
		497C53E52694DFDD00AC7B6B /* Build configuration list for PBXNativeTarget "InstagramTests" */ = {
			isa = XCConfigurationList;
			buildConfigurations = (
				497C53E62694DFDD00AC7B6B /* Debug */,
				497C53E72694DFDD00AC7B6B /* Release */,
			);
			defaultConfigurationIsVisible = 0;
			defaultConfigurationName = Release;
		};
		497C53E82694DFDD00AC7B6B /* Build configuration list for PBXNativeTarget "InstagramUITests" */ = {
			isa = XCConfigurationList;
			buildConfigurations = (
				497C53E92694DFDD00AC7B6B /* Debug */,
				497C53EA2694DFDD00AC7B6B /* Release */,
			);
			defaultConfigurationIsVisible = 0;
			defaultConfigurationName = Release;
		};
/* End XCConfigurationList section */
	};
	rootObject = 497C53AB2694DFDB00AC7B6B /* Project object */;
}
